{
   "name": "chalktalk",
   "version": "0.0.1",
   "lockfileVersion": 1,
   "requires": true,
   "dependencies": {
      "accepts": {
         "version": "1.0.7",
         "resolved": "https://registry.npmjs.org/accepts/-/accepts-1.0.7.tgz",
         "integrity": "sha1-W1AftPBwQwmWTM2wSBclQSCNqxo=",
         "requires": {
            "mime-types": "~1.0.0",
            "negotiator": "0.4.7"
         }
      },
      "acg-flatbuffers": {
         "version": "0.1.4",
         "resolved": "https://registry.npmjs.org/acg-flatbuffers/-/acg-flatbuffers-0.1.4.tgz",
         "integrity": "sha512-IKCY7QcU3oBag1hODT6PgjRQbv4K/jSQw0APUAw6oe4IYgziFeC38CHaukx6YLnrEiEhRFrIgCWUFJLGJkwAKQ=="
      },
      "after": {
         "version": "0.8.2",
         "resolved": "https://registry.npmjs.org/after/-/after-0.8.2.tgz",
         "integrity": "sha1-/ts5T58OAqqXaOcCvaI7UF+ufh8="
      },
      "arraybuffer.slice": {
         "version": "0.0.6",
         "resolved": "https://registry.npmjs.org/arraybuffer.slice/-/arraybuffer.slice-0.0.6.tgz",
         "integrity": "sha1-8zshWfBTKj8xB6JywMz70a0peco="
      },
      "backo2": {
         "version": "1.0.2",
         "resolved": "https://registry.npmjs.org/backo2/-/backo2-1.0.2.tgz",
         "integrity": "sha1-MasayLEpNjRj41s+u2n038+6eUc="
      },
      "base64-arraybuffer": {
         "version": "0.1.5",
         "resolved": "https://registry.npmjs.org/base64-arraybuffer/-/base64-arraybuffer-0.1.5.tgz",
         "integrity": "sha1-c5JncZI7Whl0etZmqlzUv5xunOg="
      },
      "base64-js": {
         "version": "1.3.0",
         "resolved": "https://registry.npmjs.org/base64-js/-/base64-js-1.3.0.tgz",
         "integrity": "sha512-ccav/yGvoa80BQDljCxsmmQ3Xvx60/UpBIij5QN21W3wBi/hhIC9OoO+KLpu9IJTS9j4DRVJ3aDDF9cMSoa2lw=="
      },
      "base64id": {
         "version": "1.0.0",
         "resolved": "https://registry.npmjs.org/base64id/-/base64id-1.0.0.tgz",
         "integrity": "sha1-R2iMuZu2gE8OBtPnY7HDLlfY5rY="
      },
      "better-assert": {
         "version": "1.0.2",
         "resolved": "https://registry.npmjs.org/better-assert/-/better-assert-1.0.2.tgz",
         "integrity": "sha1-QIZrnhueC1W0gYlDEeaPr/rrxSI=",
         "requires": {
            "callsite": "1.0.0"
         }
      },
      "bindings": {
         "version": "1.2.1",
         "resolved": "https://registry.npmjs.org/bindings/-/bindings-1.2.1.tgz",
         "integrity": "sha1-FK1hE4EtLTfXLme0ystLtyZQXxE=",
         "optional": true
      },
      "blob": {
         "version": "0.0.4",
         "resolved": "https://registry.npmjs.org/blob/-/blob-0.0.4.tgz",
         "integrity": "sha1-vPEwUspURj8w+fx+lbmkdjCpSSE="
      },
      "body-parser": {
         "version": "1.5.2",
         "resolved": "https://registry.npmjs.org/body-parser/-/body-parser-1.5.2.tgz",
         "integrity": "sha1-vuusrHQbg/YskTfVaFGW4aRDBKs=",
         "requires": {
            "bytes": "1.0.0",
            "depd": "0.4.4",
            "iconv-lite": "0.4.4",
            "media-typer": "0.2.0",
            "qs": "0.6.6",
            "raw-body": "1.3.0",
            "type-is": "~1.3.2"
         }
      },
      "buffer": {
         "version": "5.2.1",
         "resolved": "https://registry.npmjs.org/buffer/-/buffer-5.2.1.tgz",
         "integrity": "sha512-c+Ko0loDaFfuPWiL02ls9Xd3GO3cPVmUobQ6t3rXNUk304u6hGq+8N/kFi+QEIKhzK3uwolVhLzszmfLmMLnqg==",
         "requires": {
            "base64-js": "^1.0.2",
            "ieee754": "^1.1.4"
         }
      },
      "buffer-crc32": {
         "version": "0.2.3",
         "resolved": "https://registry.npmjs.org/buffer-crc32/-/buffer-crc32-0.2.3.tgz",
         "integrity": "sha1-u1RRnpXRB8vSQA520MqxRnM22SE="
      },
      "bufferutil": {
         "version": "1.2.1",
         "resolved": "https://registry.npmjs.org/bufferutil/-/bufferutil-1.2.1.tgz",
         "integrity": "sha1-N75dNuHgZJIiHmjUdLGsWOUQy9c=",
         "optional": true,
         "requires": {
            "bindings": "1.2.x",
            "nan": "^2.0.5"
         }
      },
      "bytes": {
         "version": "1.0.0",
         "resolved": "https://registry.npmjs.org/bytes/-/bytes-1.0.0.tgz",
         "integrity": "sha1-NWnt6Lo0MV+rmcPpLLBMciDeH6g="
      },
      "callsite": {
         "version": "1.0.0",
         "resolved": "https://registry.npmjs.org/callsite/-/callsite-1.0.0.tgz",
         "integrity": "sha1-KAOY5dZkvXQDi28JBRU+borxvCA="
      },
      "component-bind": {
         "version": "1.0.0",
         "resolved": "https://registry.npmjs.org/component-bind/-/component-bind-1.0.0.tgz",
         "integrity": "sha1-AMYIq33Nk4l8AAllGx06jh5zu9E="
      },
      "component-emitter": {
         "version": "1.1.2",
         "resolved": "https://registry.npmjs.org/component-emitter/-/component-emitter-1.1.2.tgz",
         "integrity": "sha1-KWWU8nU9qmOZbSrwjRWpURbJrsM="
      },
      "component-inherit": {
         "version": "0.0.3",
         "resolved": "https://registry.npmjs.org/component-inherit/-/component-inherit-0.0.3.tgz",
         "integrity": "sha1-ZF/ErfWLcrZJ1crmUTVhnbJv8UM="
      },
      "cookie": {
         "version": "0.1.2",
         "resolved": "https://registry.npmjs.org/cookie/-/cookie-0.1.2.tgz",
         "integrity": "sha1-cv7D0k5Io0Mgc9kMEmQgBQYQBLE="
      },
      "cookie-signature": {
         "version": "1.0.4",
         "resolved": "https://registry.npmjs.org/cookie-signature/-/cookie-signature-1.0.4.tgz",
         "integrity": "sha1-Dt0iKG46ERuaKnDbNj6SXoZ/aso="
      },
      "debug": {
         "version": "1.0.4",
         "resolved": "https://registry.npmjs.org/debug/-/debug-1.0.4.tgz",
         "integrity": "sha1-W5wla9VLbsAigxdvqKDt5tFUy/g=",
         "requires": {
            "ms": "0.6.2"
         }
      },
      "depd": {
         "version": "0.4.4",
         "resolved": "https://registry.npmjs.org/depd/-/depd-0.4.4.tgz",
         "integrity": "sha1-BwkfrnX5eCjYm0oCotR3jw58BmI="
      },
      "dgram": {
         "version": "1.0.1",
         "resolved": "https://registry.npmjs.org/dgram/-/dgram-1.0.1.tgz",
         "integrity": "sha1-N/OyAPgDOl/3WTAwicgc42G2UcM="
      },
      "ee-first": {
         "version": "1.0.3",
         "resolved": "https://registry.npmjs.org/ee-first/-/ee-first-1.0.3.tgz",
         "integrity": "sha1-bJjECJq+y1p7hcGsRJqmA9Oz2r4="
      },
      "engine.io": {
         "version": "1.8.5",
         "resolved": "https://registry.npmjs.org/engine.io/-/engine.io-1.8.5.tgz",
         "integrity": "sha512-j1DWIcktw4hRwrv6nWx++5nFH2X64x16MAG2P0Lmi5Dvdfi3I+Jhc7JKJIdAmDJa+5aZ/imHV7dWRPy2Cqjh3A==",
         "requires": {
            "accepts": "1.3.3",
            "base64id": "1.0.0",
            "cookie": "0.3.1",
            "debug": "2.3.3",
            "engine.io-parser": "1.3.2",
            "ws": "~1.1.5"
         },
         "dependencies": {
            "accepts": {
               "version": "1.3.3",
               "resolved": "https://registry.npmjs.org/accepts/-/accepts-1.3.3.tgz",
               "integrity": "sha1-w8p0NJOGSMPg2cHjKN1otiLChMo=",
               "requires": {
                  "mime-types": "~2.1.11",
                  "negotiator": "0.6.1"
               }
            },
            "cookie": {
               "version": "0.3.1",
               "resolved": "https://registry.npmjs.org/cookie/-/cookie-0.3.1.tgz",
               "integrity": "sha1-5+Ch+e9DtMi6klxcWpboBtFoc7s="
            },
            "debug": {
               "version": "2.3.3",
               "resolved": "https://registry.npmjs.org/debug/-/debug-2.3.3.tgz",
               "integrity": "sha1-QMRT5n5uE8kB3ewxeviYbNqe/4w=",
               "requires": {
                  "ms": "0.7.2"
               }
            },
            "mime-types": {
               "version": "2.1.20",
               "resolved": "https://registry.npmjs.org/mime-types/-/mime-types-2.1.20.tgz",
               "integrity": "sha512-HrkrPaP9vGuWbLK1B1FfgAkbqNjIuy4eHlIYnFi7kamZyLLrGlo2mpcx0bBmNpKqBtYtAfGbodDddIgddSJC2A==",
               "requires": {
                  "mime-db": "~1.36.0"
               }
            },
            "ms": {
               "version": "0.7.2",
               "resolved": "https://registry.npmjs.org/ms/-/ms-0.7.2.tgz",
               "integrity": "sha1-riXPJRKziFodldfwN4aNhDESR2U="
            },
            "negotiator": {
               "version": "0.6.1",
               "resolved": "https://registry.npmjs.org/negotiator/-/negotiator-0.6.1.tgz",
               "integrity": "sha1-KzJxhOiZIQEXeyhWP7XnECrNDKk="
            },
            "ws": {
               "version": "1.1.5",
               "resolved": "https://registry.npmjs.org/ws/-/ws-1.1.5.tgz",
               "integrity": "sha512-o3KqipXNUdS7wpQzBHSe180lBGO60SoK0yVo3CYJgb2MkobuWuBX6dhkYP5ORCLd55y+SaflMOV5fqAB53ux4w==",
               "requires": {
                  "options": ">=0.0.5",
                  "ultron": "1.0.x"
               }
            }
         }
      },
      "engine.io-client": {
         "version": "1.8.5",
         "resolved": "https://registry.npmjs.org/engine.io-client/-/engine.io-client-1.8.5.tgz",
         "integrity": "sha512-AYTgHyeVUPitsseqjoedjhYJapNVoSPShbZ+tEUX9/73jgZ/Z3sUlJf9oYgdEBBdVhupUpUqSxH0kBCXlQnmZg==",
         "requires": {
            "component-emitter": "1.2.1",
            "component-inherit": "0.0.3",
            "debug": "2.3.3",
            "engine.io-parser": "1.3.2",
            "has-cors": "1.1.0",
            "indexof": "0.0.1",
            "parsejson": "0.0.3",
            "parseqs": "0.0.5",
            "parseuri": "0.0.5",
            "ws": "~1.1.5",
            "xmlhttprequest-ssl": "1.5.3",
            "yeast": "0.1.2"
         },
         "dependencies": {
            "component-emitter": {
               "version": "1.2.1",
               "resolved": "https://registry.npmjs.org/component-emitter/-/component-emitter-1.2.1.tgz",
               "integrity": "sha1-E3kY1teCg/ffemt8WmPhQOaUJeY="
            },
            "debug": {
               "version": "2.3.3",
               "resolved": "https://registry.npmjs.org/debug/-/debug-2.3.3.tgz",
               "integrity": "sha1-QMRT5n5uE8kB3ewxeviYbNqe/4w=",
               "requires": {
                  "ms": "0.7.2"
               }
            },
            "ms": {
               "version": "0.7.2",
               "resolved": "https://registry.npmjs.org/ms/-/ms-0.7.2.tgz",
               "integrity": "sha1-riXPJRKziFodldfwN4aNhDESR2U="
            },
            "ws": {
               "version": "1.1.5",
               "resolved": "https://registry.npmjs.org/ws/-/ws-1.1.5.tgz",
               "integrity": "sha512-o3KqipXNUdS7wpQzBHSe180lBGO60SoK0yVo3CYJgb2MkobuWuBX6dhkYP5ORCLd55y+SaflMOV5fqAB53ux4w==",
               "requires": {
                  "options": ">=0.0.5",
                  "ultron": "1.0.x"
               }
            }
         }
      },
      "engine.io-parser": {
         "version": "1.3.2",
         "resolved": "https://registry.npmjs.org/engine.io-parser/-/engine.io-parser-1.3.2.tgz",
         "integrity": "sha1-k3sHnwAH0Ik+xW1GyyILjLQ1Igo=",
         "requires": {
            "after": "0.8.2",
            "arraybuffer.slice": "0.0.6",
            "base64-arraybuffer": "0.1.5",
            "blob": "0.0.4",
            "has-binary": "0.1.7",
            "wtf-8": "1.0.0"
         }
      },
      "escape-html": {
         "version": "1.0.1",
         "resolved": "https://registry.npmjs.org/escape-html/-/escape-html-1.0.1.tgz",
         "integrity": "sha1-GBoobq05ejmpKFfPsdQwUuNWv/A="
      },
      "express": {
         "version": "4.7.4",
         "resolved": "https://registry.npmjs.org/express/-/express-4.7.4.tgz",
         "integrity": "sha1-yvWTic8LMbExS/RNM1XCqAz6IXw=",
         "requires": {
            "accepts": "~1.0.7",
            "buffer-crc32": "0.2.3",
            "cookie": "0.1.2",
            "cookie-signature": "1.0.4",
            "debug": "1.0.4",
            "depd": "0.4.4",
            "escape-html": "1.0.1",
            "finalhandler": "0.1.0",
            "fresh": "0.2.2",
            "media-typer": "0.2.0",
            "merge-descriptors": "0.0.2",
            "methods": "1.1.0",
            "parseurl": "~1.2.0",
            "path-to-regexp": "0.1.3",
            "proxy-addr": "1.0.1",
            "qs": "0.6.6",
            "range-parser": "1.0.0",
            "send": "0.7.4",
            "serve-static": "~1.4.4",
            "type-is": "~1.3.2",
            "utils-merge": "1.0.0",
            "vary": "0.1.0"
         }
      },
      "finalhandler": {
         "version": "0.1.0",
         "resolved": "https://registry.npmjs.org/finalhandler/-/finalhandler-0.1.0.tgz",
         "integrity": "sha1-2gW7xPX0owyEzh2R88FUAHxOnao=",
         "requires": {
            "debug": "1.0.4",
            "escape-html": "1.0.1"
         }
      },
      "finished": {
         "version": "1.2.2",
         "resolved": "https://registry.npmjs.org/finished/-/finished-1.2.2.tgz",
         "integrity": "sha1-QWCOr639ZWg7RqEiC8Sx7D2u3Ng=",
         "requires": {
            "ee-first": "1.0.3"
         }
      },
      "formidable": {
         "version": "1.0.17",
         "resolved": "https://registry.npmjs.org/formidable/-/formidable-1.0.17.tgz",
         "integrity": "sha1-71SRSQ+UM7cF+qdyScmQKa40hVk="
      },
      "fresh": {
         "version": "0.2.2",
         "resolved": "https://registry.npmjs.org/fresh/-/fresh-0.2.2.tgz",
         "integrity": "sha1-lzHc9WeMf660T7kDxPct9VGH+nc="
      },
      "has-binary": {
         "version": "0.1.7",
         "resolved": "https://registry.npmjs.org/has-binary/-/has-binary-0.1.7.tgz",
         "integrity": "sha1-aOYesWIQyVRaClzOBqhzkS/h5ow=",
         "requires": {
            "isarray": "0.0.1"
         }
      },
      "has-cors": {
         "version": "1.1.0",
         "resolved": "https://registry.npmjs.org/has-cors/-/has-cors-1.1.0.tgz",
         "integrity": "sha1-XkdHk/fqmEPRu5nCPu9J/xJv/zk="
      },
      "holojam-node": {
         "version": "0.2.3",
         "resolved": "https://registry.npmjs.org/holojam-node/-/holojam-node-0.2.3.tgz",
         "integrity": "sha1-HLvk5obyRpANsQNuB3mDggDGzLA=",
         "requires": {
            "acg-flatbuffers": "^0.1.3",
            "dgram": "^1.0.1",
            "object-sizeof": "^1.1.1",
            "socket.io": "^1.7.2"
         }
      },
      "iconv-lite": {
         "version": "0.4.4",
         "resolved": "https://registry.npmjs.org/iconv-lite/-/iconv-lite-0.4.4.tgz",
         "integrity": "sha1-6V8uQdsHNfwhZS94J6XuMuY8g6g="
      },
      "ieee754": {
         "version": "1.1.12",
         "resolved": "https://registry.npmjs.org/ieee754/-/ieee754-1.1.12.tgz",
         "integrity": "sha512-GguP+DRY+pJ3soyIiGPTvdiVXjZ+DbXOxGpXn3eMvNW4x4irjqXm4wHKscC+TfxSJ0yw/S1F24tqdMNsMZTiLA=="
      },
      "indexof": {
         "version": "0.0.1",
         "resolved": "https://registry.npmjs.org/indexof/-/indexof-0.0.1.tgz",
         "integrity": "sha1-gtwzbSMrkGIXnQWrMpOmYFn9Q10="
      },
      "ipaddr.js": {
         "version": "0.1.2",
         "resolved": "https://registry.npmjs.org/ipaddr.js/-/ipaddr.js-0.1.2.tgz",
         "integrity": "sha1-ah/T2FT1ACllw017vNm0qNSwRn4="
      },
      "isarray": {
         "version": "0.0.1",
         "resolved": "https://registry.npmjs.org/isarray/-/isarray-0.0.1.tgz",
         "integrity": "sha1-ihis/Kmo9Bd+Cav8YDiTmwXR7t8="
      },
      "json3": {
         "version": "3.3.2",
         "resolved": "https://registry.npmjs.org/json3/-/json3-3.3.2.tgz",
         "integrity": "sha1-PAQ0dD35Pi9cQq7nsZvLSDV19OE="
      },
      "media-typer": {
         "version": "0.2.0",
         "resolved": "https://registry.npmjs.org/media-typer/-/media-typer-0.2.0.tgz",
         "integrity": "sha1-2KBlITrf6qLnYyGitt2jb/YzWYQ="
      },
      "merge-descriptors": {
         "version": "0.0.2",
         "resolved": "https://registry.npmjs.org/merge-descriptors/-/merge-descriptors-0.0.2.tgz",
         "integrity": "sha1-w2pSp4FDdRPFcnXzndnTF1FKyMc="
      },
      "methods": {
         "version": "1.1.0",
         "resolved": "https://registry.npmjs.org/methods/-/methods-1.1.0.tgz",
         "integrity": "sha1-XcpO4S31L/OwVhRZhqjwHLyGQ28="
      },
      "mime": {
         "version": "1.2.11",
         "resolved": "https://registry.npmjs.org/mime/-/mime-1.2.11.tgz",
         "integrity": "sha1-WCA+7Ybjpe8XrtK32evUfwpg3RA="
      },
      "mime-db": {
         "version": "1.36.0",
         "resolved": "https://registry.npmjs.org/mime-db/-/mime-db-1.36.0.tgz",
         "integrity": "sha512-L+xvyD9MkoYMXb1jAmzI/lWYAxAMCPvIBSWur0PZ5nOf5euahRLVqH//FKW9mWp2lkqUgYiXPgkzfMUFi4zVDw=="
      },
      "mime-types": {
         "version": "1.0.2",
         "resolved": "https://registry.npmjs.org/mime-types/-/mime-types-1.0.2.tgz",
         "integrity": "sha1-mVrhOSq4r/y/yyZB3QVOlDwNXc4="
      },
      "ms": {
         "version": "0.6.2",
         "resolved": "https://registry.npmjs.org/ms/-/ms-0.6.2.tgz",
         "integrity": "sha1-2JwhJMb9wTU9Zai3e/GqxLGTcIw="
      },
      "nan": {
         "version": "2.11.0",
         "resolved": "https://registry.npmjs.org/nan/-/nan-2.11.0.tgz",
         "integrity": "sha512-F4miItu2rGnV2ySkXOQoA8FKz/SR2Q2sWP0sbTxNxz/tuokeC8WxOhPMcwi0qIyGtVn/rrSeLbvVkznqCdwYnw==",
         "optional": true
      },
      "negotiator": {
         "version": "0.4.7",
         "resolved": "https://registry.npmjs.org/negotiator/-/negotiator-0.4.7.tgz",
         "integrity": "sha1-pBYPcXfsgGc4Yx0NMFIyXaQqvcg="
      },
      "object-assign": {
         "version": "4.1.0",
         "resolved": "https://registry.npmjs.org/object-assign/-/object-assign-4.1.0.tgz",
         "integrity": "sha1-ejs9DpgGPUP0wD8uiubNUahog6A="
      },
      "object-component": {
         "version": "0.0.3",
         "resolved": "https://registry.npmjs.org/object-component/-/object-component-0.0.3.tgz",
         "integrity": "sha1-8MaapQ78lbhmwYb0AKM3acsvEpE="
      },
      "object-sizeof": {
         "version": "1.2.0",
         "resolved": "https://registry.npmjs.org/object-sizeof/-/object-sizeof-1.2.0.tgz",
         "integrity": "sha1-Zjl8kjdok50vxtKjkwqYHhx/pos=",
         "requires": {
            "buffer": "^5.0.6"
         }
      },
      "options": {
         "version": "0.0.6",
         "resolved": "https://registry.npmjs.org/options/-/options-0.0.6.tgz",
         "integrity": "sha1-7CLTEoBrtT5zF3Pnza788cZDEo8="
      },
      "parsejson": {
         "version": "0.0.3",
         "resolved": "https://registry.npmjs.org/parsejson/-/parsejson-0.0.3.tgz",
         "integrity": "sha1-q343WfIJ7OmUN5c/fQ8fZK4OZKs=",
         "requires": {
            "better-assert": "~1.0.0"
         }
      },
      "parseqs": {
         "version": "0.0.5",
         "resolved": "https://registry.npmjs.org/parseqs/-/parseqs-0.0.5.tgz",
         "integrity": "sha1-1SCKNzjkZ2bikbouoXNoSSGouJ0=",
         "requires": {
            "better-assert": "~1.0.0"
         }
      },
      "parseuri": {
         "version": "0.0.5",
         "resolved": "https://registry.npmjs.org/parseuri/-/parseuri-0.0.5.tgz",
         "integrity": "sha1-gCBKUNTbt3m/3G6+J3jZDkvOMgo=",
         "requires": {
            "better-assert": "~1.0.0"
         }
      },
      "parseurl": {
         "version": "1.2.0",
         "resolved": "https://registry.npmjs.org/parseurl/-/parseurl-1.2.0.tgz",
         "integrity": "sha1-vn3y1pjrSf+xDqYpOWk+FSmRwAg="
      },
      "path-to-regexp": {
         "version": "0.1.3",
         "resolved": "https://registry.npmjs.org/path-to-regexp/-/path-to-regexp-0.1.3.tgz",
         "integrity": "sha1-IbmrgidCed4lsVbqCP0SylG4rss="
      },
      "proxy-addr": {
         "version": "1.0.1",
         "resolved": "https://registry.npmjs.org/proxy-addr/-/proxy-addr-1.0.1.tgz",
         "integrity": "sha1-x8Vm1etOP61n7rnHfFVYzMObiKg=",
         "requires": {
            "ipaddr.js": "0.1.2"
         }
      },
      "qs": {
         "version": "0.6.6",
         "resolved": "https://registry.npmjs.org/qs/-/qs-0.6.6.tgz",
         "integrity": "sha1-bgFQmP9RlouKPIGQAdXyyJvEsQc="
      },
      "range-parser": {
         "version": "1.0.0",
         "resolved": "https://registry.npmjs.org/range-parser/-/range-parser-1.0.0.tgz",
         "integrity": "sha1-pLJkz+C+XONqvjdlrJwqJIdG28A="
      },
      "raw-body": {
         "version": "1.3.0",
         "resolved": "https://registry.npmjs.org/raw-body/-/raw-body-1.3.0.tgz",
         "integrity": "sha1-l4IwoValVI9C7vFN4i0PT2EAg9E=",
         "requires": {
            "bytes": "1",
            "iconv-lite": "0.4.4"
         }
      },
      "send": {
         "version": "0.7.4",
         "resolved": "https://registry.npmjs.org/send/-/send-0.7.4.tgz",
         "integrity": "sha1-yAoITLjrlANF86tM6eTuJctmR8s=",
         "requires": {
            "debug": "1.0.4",
            "depd": "0.4.4",
            "escape-html": "1.0.1",
            "finished": "1.2.2",
            "fresh": "0.2.2",
            "mime": "1.2.11",
            "ms": "0.6.2",
            "range-parser": "~1.0.0"
         }
      },
      "serve-static": {
         "version": "1.4.4",
         "resolved": "https://registry.npmjs.org/serve-static/-/serve-static-1.4.4.tgz",
         "integrity": "sha1-ncmfN6LF4ozaL+YEURRiCmIDLyk=",
         "requires": {
            "escape-html": "1.0.1",
            "parseurl": "~1.2.0",
            "send": "0.7.4"
         }
      },
      "socket.io": {
         "version": "1.7.4",
         "resolved": "https://registry.npmjs.org/socket.io/-/socket.io-1.7.4.tgz",
         "integrity": "sha1-L37O3DORvy1cc+KR/iM+bjTU3QA=",
         "requires": {
            "debug": "2.3.3",
            "engine.io": "~1.8.4",
            "has-binary": "0.1.7",
            "object-assign": "4.1.0",
            "socket.io-adapter": "0.5.0",
            "socket.io-client": "1.7.4",
            "socket.io-parser": "2.3.1"
         },
         "dependencies": {
            "debug": {
               "version": "2.3.3",
               "resolved": "https://registry.npmjs.org/debug/-/debug-2.3.3.tgz",
               "integrity": "sha1-QMRT5n5uE8kB3ewxeviYbNqe/4w=",
               "requires": {
                  "ms": "0.7.2"
               }
            },
            "ms": {
               "version": "0.7.2",
               "resolved": "https://registry.npmjs.org/ms/-/ms-0.7.2.tgz",
               "integrity": "sha1-riXPJRKziFodldfwN4aNhDESR2U="
            }
         }
      },
      "socket.io-adapter": {
         "version": "0.5.0",
         "resolved": "https://registry.npmjs.org/socket.io-adapter/-/socket.io-adapter-0.5.0.tgz",
         "integrity": "sha1-y21LuL7IHhB4uZZ3+c7QBGBmu4s=",
         "requires": {
            "debug": "2.3.3",
            "socket.io-parser": "2.3.1"
         },
         "dependencies": {
            "debug": {
               "version": "2.3.3",
               "resolved": "https://registry.npmjs.org/debug/-/debug-2.3.3.tgz",
               "integrity": "sha1-QMRT5n5uE8kB3ewxeviYbNqe/4w=",
               "requires": {
                  "ms": "0.7.2"
               }
            },
            "ms": {
               "version": "0.7.2",
               "resolved": "https://registry.npmjs.org/ms/-/ms-0.7.2.tgz",
               "integrity": "sha1-riXPJRKziFodldfwN4aNhDESR2U="
            }
         }
      },
      "socket.io-client": {
         "version": "1.7.4",
         "resolved": "https://registry.npmjs.org/socket.io-client/-/socket.io-client-1.7.4.tgz",
         "integrity": "sha1-7J+CA1btme9tNX8HVtZIcXvdQoE=",
         "requires": {
            "backo2": "1.0.2",
            "component-bind": "1.0.0",
            "component-emitter": "1.2.1",
            "debug": "2.3.3",
            "engine.io-client": "~1.8.4",
            "has-binary": "0.1.7",
            "indexof": "0.0.1",
            "object-component": "0.0.3",
            "parseuri": "0.0.5",
            "socket.io-parser": "2.3.1",
            "to-array": "0.1.4"
         },
         "dependencies": {
            "component-emitter": {
               "version": "1.2.1",
               "resolved": "https://registry.npmjs.org/component-emitter/-/component-emitter-1.2.1.tgz",
               "integrity": "sha1-E3kY1teCg/ffemt8WmPhQOaUJeY="
            },
            "debug": {
               "version": "2.3.3",
               "resolved": "https://registry.npmjs.org/debug/-/debug-2.3.3.tgz",
               "integrity": "sha1-QMRT5n5uE8kB3ewxeviYbNqe/4w=",
               "requires": {
                  "ms": "0.7.2"
               }
            },
            "ms": {
               "version": "0.7.2",
               "resolved": "https://registry.npmjs.org/ms/-/ms-0.7.2.tgz",
               "integrity": "sha1-riXPJRKziFodldfwN4aNhDESR2U="
            }
         }
      },
      "socket.io-parser": {
         "version": "2.3.1",
         "resolved": "https://registry.npmjs.org/socket.io-parser/-/socket.io-parser-2.3.1.tgz",
         "integrity": "sha1-3VMgJRA85Clpcya+/WQAX8/ltKA=",
         "requires": {
            "component-emitter": "1.1.2",
            "debug": "2.2.0",
            "isarray": "0.0.1",
            "json3": "3.3.2"
         },
         "dependencies": {
            "debug": {
               "version": "2.2.0",
               "resolved": "https://registry.npmjs.org/debug/-/debug-2.2.0.tgz",
               "integrity": "sha1-+HBX6ZWxofauaklgZkE3vFbwOdo=",
               "requires": {
                  "ms": "0.7.1"
               }
            },
            "ms": {
               "version": "0.7.1",
               "resolved": "https://registry.npmjs.org/ms/-/ms-0.7.1.tgz",
               "integrity": "sha1-nNE8A62/8ltl7/3nzoZO6VIBcJg="
            }
         }
      },
      "to-array": {
         "version": "0.1.4",
         "resolved": "https://registry.npmjs.org/to-array/-/to-array-0.1.4.tgz",
         "integrity": "sha1-F+bBH3PdTz10zaek/zI46a2b+JA="
      },
      "type-is": {
         "version": "1.3.2",
         "resolved": "https://registry.npmjs.org/type-is/-/type-is-1.3.2.tgz",
         "integrity": "sha1-TypdxYd1yhYwJQr8cYb4s2MJ0bs=",
         "requires": {
            "media-typer": "0.2.0",
            "mime-types": "~1.0.1"
         }
      },
      "ultron": {
         "version": "1.0.2",
         "resolved": "https://registry.npmjs.org/ultron/-/ultron-1.0.2.tgz",
         "integrity": "sha1-rOEWq1V80Zc4ak6I9GhTeMiy5Po="
      },
      "utf-8-validate": {
         "version": "1.2.2",
         "resolved": "https://registry.npmjs.org/utf-8-validate/-/utf-8-validate-1.2.2.tgz",
         "integrity": "sha1-i7hxpHQeCFxwSHynrNvX1tNgKes=",
         "optional": true,
         "requires": {
            "bindings": "~1.2.1",
            "nan": "~2.4.0"
         },
         "dependencies": {
            "nan": {
               "version": "2.4.0",
               "resolved": "https://registry.npmjs.org/nan/-/nan-2.4.0.tgz",
               "integrity": "sha1-+zxZ1F/k7/4hXwuJD4rfbrMtIjI=",
               "optional": true
            }
         }
      },
      "utils-merge": {
         "version": "1.0.0",
         "resolved": "https://registry.npmjs.org/utils-merge/-/utils-merge-1.0.0.tgz",
         "integrity": "sha1-ApT7kiu5N1FTVBxPcJYjHyh8ivg="
      },
      "vary": {
         "version": "0.1.0",
         "resolved": "https://registry.npmjs.org/vary/-/vary-0.1.0.tgz",
         "integrity": "sha1-3wlFiZ6TwMxb0YzIMh2dIedPYXY="
      },
      "ws": {
         "version": "0.8.1",
         "resolved": "https://registry.npmjs.org/ws/-/ws-0.8.1.tgz",
         "integrity": "sha1-a2UnO5kZPF8Gekz1gJWY93fjt1k=",
         "requires": {
            "bufferutil": "1.2.x",
            "options": ">=0.0.5",
            "ultron": "1.0.x",
            "utf-8-validate": "1.2.x"
         }
      },
      "wtf-8": {
         "version": "1.0.0",
         "resolved": "https://registry.npmjs.org/wtf-8/-/wtf-8-1.0.0.tgz",
         "integrity": "sha1-OS2LotDxw00e4tYw8V0O+2jhBIo="
      },
      "xmlhttprequest-ssl": {
         "version": "1.5.3",
         "resolved": "https://registry.npmjs.org/xmlhttprequest-ssl/-/xmlhttprequest-ssl-1.5.3.tgz",
         "integrity": "sha1-GFqIjATspGw+QHDZn3tJ3jUomS0="
      },
      "yeast": {
         "version": "0.1.2",
         "resolved": "https://registry.npmjs.org/yeast/-/yeast-0.1.2.tgz",
         "integrity": "sha1-AI4G2AlDIMNy28L47XagymyKxBk="
      }
   }
}
