{
   "name": "chalktalk",
   "version": "0.0.1",
   "lockfileVersion": 1,
   "requires": true,
   "dependencies": {
      "accepts": {
         "version": "1.0.7",
         "resolved": "https://registry.npmjs.org/accepts/-/accepts-1.0.7.tgz",
         "integrity": "sha1-W1AftPBwQwmWTM2wSBclQSCNqxo=",
         "requires": {
            "mime-types": "~1.0.0",
            "negotiator": "0.4.7"
         }
      },
      "bindings": {
         "version": "1.2.1",
         "resolved": "https://registry.npmjs.org/bindings/-/bindings-1.2.1.tgz",
         "integrity": "sha1-FK1hE4EtLTfXLme0ystLtyZQXxE=",
         "optional": true
      },
      "body-parser": {
         "version": "1.5.2",
         "resolved": "https://registry.npmjs.org/body-parser/-/body-parser-1.5.2.tgz",
         "integrity": "sha1-vuusrHQbg/YskTfVaFGW4aRDBKs=",
         "requires": {
            "bytes": "1.0.0",
            "depd": "0.4.4",
            "iconv-lite": "0.4.4",
            "media-typer": "0.2.0",
            "qs": "0.6.6",
            "raw-body": "1.3.0",
            "type-is": "~1.3.2"
         }
      },
      "buffer-crc32": {
         "version": "0.2.3",
         "resolved": "https://registry.npmjs.org/buffer-crc32/-/buffer-crc32-0.2.3.tgz",
         "integrity": "sha1-u1RRnpXRB8vSQA520MqxRnM22SE="
      },
      "bufferutil": {
         "version": "1.2.1",
         "resolved": "https://registry.npmjs.org/bufferutil/-/bufferutil-1.2.1.tgz",
         "integrity": "sha1-N75dNuHgZJIiHmjUdLGsWOUQy9c=",
         "optional": true,
         "requires": {
            "bindings": "1.2.x",
            "nan": "^2.0.5"
         }
      },
      "bytes": {
         "version": "1.0.0",
         "resolved": "https://registry.npmjs.org/bytes/-/bytes-1.0.0.tgz",
         "integrity": "sha1-NWnt6Lo0MV+rmcPpLLBMciDeH6g="
      },
      "cookie": {
         "version": "0.1.2",
         "resolved": "https://registry.npmjs.org/cookie/-/cookie-0.1.2.tgz",
         "integrity": "sha1-cv7D0k5Io0Mgc9kMEmQgBQYQBLE="
      },
      "cookie-signature": {
         "version": "1.0.4",
         "resolved": "https://registry.npmjs.org/cookie-signature/-/cookie-signature-1.0.4.tgz",
         "integrity": "sha1-Dt0iKG46ERuaKnDbNj6SXoZ/aso="
      },
      "debug": {
         "version": "1.0.4",
         "resolved": "http://registry.npmjs.org/debug/-/debug-1.0.4.tgz",
         "integrity": "sha1-W5wla9VLbsAigxdvqKDt5tFUy/g=",
         "requires": {
            "ms": "0.6.2"
         }
      },
      "depd": {
         "version": "0.4.4",
         "resolved": "https://registry.npmjs.org/depd/-/depd-0.4.4.tgz",
         "integrity": "sha1-BwkfrnX5eCjYm0oCotR3jw58BmI="
      },
      "ee-first": {
         "version": "1.0.3",
         "resolved": "https://registry.npmjs.org/ee-first/-/ee-first-1.0.3.tgz",
         "integrity": "sha1-bJjECJq+y1p7hcGsRJqmA9Oz2r4="
      },
      "escape-html": {
         "version": "1.0.1",
         "resolved": "https://registry.npmjs.org/escape-html/-/escape-html-1.0.1.tgz",
         "integrity": "sha1-GBoobq05ejmpKFfPsdQwUuNWv/A="
      },
      "express": {
         "version": "4.7.4",
         "resolved": "http://registry.npmjs.org/express/-/express-4.7.4.tgz",
         "integrity": "sha1-yvWTic8LMbExS/RNM1XCqAz6IXw=",
         "requires": {
            "accepts": "~1.0.7",
            "buffer-crc32": "0.2.3",
            "cookie": "0.1.2",
            "cookie-signature": "1.0.4",
            "debug": "1.0.4",
            "depd": "0.4.4",
            "escape-html": "1.0.1",
            "finalhandler": "0.1.0",
            "fresh": "0.2.2",
            "media-typer": "0.2.0",
            "merge-descriptors": "0.0.2",
            "methods": "1.1.0",
            "parseurl": "~1.2.0",
            "path-to-regexp": "0.1.3",
            "proxy-addr": "1.0.1",
            "qs": "0.6.6",
            "range-parser": "1.0.0",
            "send": "0.7.4",
            "serve-static": "~1.4.4",
            "type-is": "~1.3.2",
            "utils-merge": "1.0.0",
            "vary": "0.1.0"
         }
      },
      "finalhandler": {
         "version": "0.1.0",
         "resolved": "http://registry.npmjs.org/finalhandler/-/finalhandler-0.1.0.tgz",
         "integrity": "sha1-2gW7xPX0owyEzh2R88FUAHxOnao=",
         "requires": {
            "debug": "1.0.4",
            "escape-html": "1.0.1"
         }
      },
      "finished": {
         "version": "1.2.2",
         "resolved": "https://registry.npmjs.org/finished/-/finished-1.2.2.tgz",
         "integrity": "sha1-QWCOr639ZWg7RqEiC8Sx7D2u3Ng=",
         "requires": {
            "ee-first": "1.0.3"
         }
      },
      "formidable": {
         "version": "1.0.16",
         "resolved": "https://registry.npmjs.org/formidable/-/formidable-1.0.16.tgz",
         "integrity": "sha1-SRbP38TL7QILJXpqlQWpqzjCzQ4="
      },
      "fresh": {
         "version": "0.2.2",
         "resolved": "https://registry.npmjs.org/fresh/-/fresh-0.2.2.tgz",
         "integrity": "sha1-lzHc9WeMf660T7kDxPct9VGH+nc="
      },
      "iconv-lite": {
         "version": "0.4.4",
         "resolved": "http://registry.npmjs.org/iconv-lite/-/iconv-lite-0.4.4.tgz",
         "integrity": "sha1-6V8uQdsHNfwhZS94J6XuMuY8g6g="
      },
      "ipaddr.js": {
         "version": "0.1.2",
         "resolved": "https://registry.npmjs.org/ipaddr.js/-/ipaddr.js-0.1.2.tgz",
         "integrity": "sha1-ah/T2FT1ACllw017vNm0qNSwRn4="
      },
      "media-typer": {
         "version": "0.2.0",
         "resolved": "https://registry.npmjs.org/media-typer/-/media-typer-0.2.0.tgz",
         "integrity": "sha1-2KBlITrf6qLnYyGitt2jb/YzWYQ="
      },
      "merge-descriptors": {
         "version": "0.0.2",
         "resolved": "https://registry.npmjs.org/merge-descriptors/-/merge-descriptors-0.0.2.tgz",
         "integrity": "sha1-w2pSp4FDdRPFcnXzndnTF1FKyMc="
      },
      "methods": {
         "version": "1.1.0",
         "resolved": "https://registry.npmjs.org/methods/-/methods-1.1.0.tgz",
         "integrity": "sha1-XcpO4S31L/OwVhRZhqjwHLyGQ28="
      },
      "mime": {
         "version": "1.2.11",
         "resolved": "https://registry.npmjs.org/mime/-/mime-1.2.11.tgz",
         "integrity": "sha1-WCA+7Ybjpe8XrtK32evUfwpg3RA="
      },
      "mime-types": {
         "version": "1.0.2",
         "resolved": "https://registry.npmjs.org/mime-types/-/mime-types-1.0.2.tgz",
         "integrity": "sha1-mVrhOSq4r/y/yyZB3QVOlDwNXc4="
      },
      "ms": {
         "version": "0.6.2",
         "resolved": "http://registry.npmjs.org/ms/-/ms-0.6.2.tgz",
         "integrity": "sha1-2JwhJMb9wTU9Zai3e/GqxLGTcIw="
      },
      "nan": {
         "version": "2.11.1",
         "resolved": "https://registry.npmjs.org/nan/-/nan-2.11.1.tgz",
         "integrity": "sha512-iji6k87OSXa0CcrLl9z+ZiYSuR2o+c0bGuNmXdrhTQTakxytAFsC56SArGYoiHlJlFoHSnvmhpceZJaXkVuOtA==",
         "optional": true
      },
      "negotiator": {
         "version": "0.4.7",
         "resolved": "https://registry.npmjs.org/negotiator/-/negotiator-0.4.7.tgz",
         "integrity": "sha1-pBYPcXfsgGc4Yx0NMFIyXaQqvcg="
      },
      "options": {
         "version": "0.0.6",
         "resolved": "https://registry.npmjs.org/options/-/options-0.0.6.tgz",
         "integrity": "sha1-7CLTEoBrtT5zF3Pnza788cZDEo8="
      },
      "parseurl": {
         "version": "1.2.0",
         "resolved": "https://registry.npmjs.org/parseurl/-/parseurl-1.2.0.tgz",
         "integrity": "sha1-vn3y1pjrSf+xDqYpOWk+FSmRwAg="
      },
      "path-to-regexp": {
         "version": "0.1.3",
         "resolved": "https://registry.npmjs.org/path-to-regexp/-/path-to-regexp-0.1.3.tgz",
         "integrity": "sha1-IbmrgidCed4lsVbqCP0SylG4rss="
      },
      "proxy-addr": {
         "version": "1.0.1",
         "resolved": "https://registry.npmjs.org/proxy-addr/-/proxy-addr-1.0.1.tgz",
         "integrity": "sha1-x8Vm1etOP61n7rnHfFVYzMObiKg=",
         "requires": {
            "ipaddr.js": "0.1.2"
         }
      },
      "qs": {
         "version": "0.6.6",
         "resolved": "https://registry.npmjs.org/qs/-/qs-0.6.6.tgz",
         "integrity": "sha1-bgFQmP9RlouKPIGQAdXyyJvEsQc="
      },
      "range-parser": {
         "version": "1.0.0",
         "resolved": "https://registry.npmjs.org/range-parser/-/range-parser-1.0.0.tgz",
         "integrity": "sha1-pLJkz+C+XONqvjdlrJwqJIdG28A="
      },
      "raw-body": {
         "version": "1.3.0",
         "resolved": "https://registry.npmjs.org/raw-body/-/raw-body-1.3.0.tgz",
         "integrity": "sha1-l4IwoValVI9C7vFN4i0PT2EAg9E=",
         "requires": {
            "bytes": "1",
            "iconv-lite": "0.4.4"
         }
      },
      "send": {
         "version": "0.7.4",
         "resolved": "https://registry.npmjs.org/send/-/send-0.7.4.tgz",
         "integrity": "sha1-yAoITLjrlANF86tM6eTuJctmR8s=",
         "requires": {
            "debug": "1.0.4",
            "depd": "0.4.4",
            "escape-html": "1.0.1",
            "finished": "1.2.2",
            "fresh": "0.2.2",
            "mime": "1.2.11",
            "ms": "0.6.2",
            "range-parser": "~1.0.0"
         }
      },
      "serve-static": {
         "version": "1.4.4",
         "resolved": "https://registry.npmjs.org/serve-static/-/serve-static-1.4.4.tgz",
         "integrity": "sha1-ncmfN6LF4ozaL+YEURRiCmIDLyk=",
         "requires": {
            "escape-html": "1.0.1",
            "parseurl": "~1.2.0",
            "send": "0.7.4"
         }
      },
      "type-is": {
         "version": "1.3.2",
         "resolved": "https://registry.npmjs.org/type-is/-/type-is-1.3.2.tgz",
         "integrity": "sha1-TypdxYd1yhYwJQr8cYb4s2MJ0bs=",
         "requires": {
            "media-typer": "0.2.0",
            "mime-types": "~1.0.1"
         }
      },
      "ultron": {
         "version": "1.0.2",
         "resolved": "https://registry.npmjs.org/ultron/-/ultron-1.0.2.tgz",
         "integrity": "sha1-rOEWq1V80Zc4ak6I9GhTeMiy5Po="
      },
      "utf-8-validate": {
         "version": "1.2.2",
         "resolved": "https://registry.npmjs.org/utf-8-validate/-/utf-8-validate-1.2.2.tgz",
         "integrity": "sha1-i7hxpHQeCFxwSHynrNvX1tNgKes=",
         "optional": true,
         "requires": {
            "bindings": "~1.2.1",
            "nan": "~2.4.0"
         },
         "dependencies": {
            "nan": {
               "version": "2.4.0",
               "resolved": "http://registry.npmjs.org/nan/-/nan-2.4.0.tgz",
               "integrity": "sha1-+zxZ1F/k7/4hXwuJD4rfbrMtIjI=",
               "optional": true
            }
         }
      },
      "utils-merge": {
         "version": "1.0.0",
         "resolved": "https://registry.npmjs.org/utils-merge/-/utils-merge-1.0.0.tgz",
         "integrity": "sha1-ApT7kiu5N1FTVBxPcJYjHyh8ivg="
      },
      "vary": {
         "version": "0.1.0",
         "resolved": "https://registry.npmjs.org/vary/-/vary-0.1.0.tgz",
         "integrity": "sha1-3wlFiZ6TwMxb0YzIMh2dIedPYXY="
      },
      "ws": {
         "version": "0.8.1",
         "resolved": "http://registry.npmjs.org/ws/-/ws-0.8.1.tgz",
         "integrity": "sha1-a2UnO5kZPF8Gekz1gJWY93fjt1k=",
         "requires": {
            "bufferutil": "1.2.x",
            "options": ">=0.0.5",
            "ultron": "1.0.x",
            "utf-8-validate": "1.2.x"
         }
      }
   }
}
